
Microsoft Visual Studio Solution File, Format Version 12.00
# Visual Studio Version 17
VisualStudioVersion = 17.5.33502.453
MinimumVisualStudioVersion = 10.0.40219.1
Project("{8BC9CEB8-8B4A-11D0-8D11-00A0C91BC942}") = "bintree1", "bintree1\bintree1.vcxproj", "{D91DB5AA-B677-4D30-B267-787CB2019A61}"
EndProject
Global
	GlobalSection(SolutionConfigurationPlatforms) = preSolution
		Debug|x64 = Debug|x64
		Debug|x86 = Debug|x86
		Release|x64 = Release|x64
		Release|x86 = Release|x86
	EndGlobalSection
	GlobalSection(ProjectConfigurationPlatforms) = postSolution
		{D91DB5AA-B677-4D30-B267-787CB2019A61}.Debug|x64.ActiveCfg = Debug|x64
		{D91DB5AA-B677-4D30-B267-787CB2019A61}.Debug|x64.Build.0 = Debug|x64
		{D91DB5AA-B677-4D30-B267-787CB2019A61}.Debug|x86.ActiveCfg = Debug|Win32
		{D91DB5AA-B677-4D30-B267-787CB2019A61}.Debug|x86.Build.0 = Debug|Win32
		{D91DB5AA-B677-4D30-B267-787CB2019A61}.Release|x64.ActiveCfg = Release|x64
		{D91DB5AA-B677-4D30-B267-787CB2019A61}.Release|x64.Build.0 = Release|x64
		{D91DB5AA-B677-4D30-B267-787CB2019A61}.Release|x86.ActiveCfg = Release|Win32
		{D91DB5AA-B677-4D30-B267-787CB2019A61}.Release|x86.Build.0 = Release|Win32
	EndGlobalSection
	GlobalSection(SolutionProperties) = preSolution
		HideSolutionNode = FALSE
	EndGlobalSection
	GlobalSection(ExtensibilityGlobals) = postSolution
		SolutionGuid = {665B7443-01D8-4271-91E7-BFF8D74F9DBE}
	EndGlobalSection
EndGlobal
